{
    "requires": true,
    "lockfileVersion": 1,
    "dependencies": {
        "@ctrl/tinycolor": {
            "version": "3.5.0",
            "resolved": "https://registry.npmjs.org/@ctrl/tinycolor/-/tinycolor-3.5.0.tgz",
            "integrity": "sha512-tlJpwF40DEQcfR/QF+wNMVyGMaO9FQp6Z1Wahj4Gk3CJQYHwA2xVG7iKDFdW6zuxZY9XWOpGcfNCTsX4McOsOg=="
        },
        "@element-plus/icons-vue": {
            "version": "2.0.10",
            "resolved": "https://registry.npmjs.org/@element-plus/icons-vue/-/icons-vue-2.0.10.tgz",
            "integrity": "sha512-ygEZ1mwPjcPo/OulhzLE7mtDrQBWI8vZzEWSNB2W/RNCRjoQGwbaK4N8lV4rid7Ts4qvySU3njMN7YCiSlSaTQ=="
        },
        "@floating-ui/core": {
            "version": "1.1.1",
            "resolved": "https://registry.npmjs.org/@floating-ui/core/-/core-1.1.1.tgz",
            "integrity": "sha512-PL7g3dhA4dHgZfujkuD8Q+tfJJynEtnNQSPzmucCnxMvkxf4cLBJw/ZYqZUn4HCh33U3WHrAfv2R2tbi9UCSmw=="
        },
        "@floating-ui/dom": {
            "version": "1.1.1",
            "resolved": "https://registry.npmjs.org/@floating-ui/dom/-/dom-1.1.1.tgz",
            "integrity": "sha512-TpIO93+DIujg3g7SykEAGZMDtbJRrmnYRCNYSjJlvIbGhBjRSNTLVbNeDQBrzy9qDgUbiWdc7KA0uZHZ2tJmiw==",
            "requires": {
                "@floating-ui/core": "^1.1.0"
            }
        },
        "@popperjs/core": {
            "version": "2.11.7",
            "resolved": "https://registry.npmjs.org/@sxzz/popperjs-es/-/popperjs-es-2.11.7.tgz",
            "integrity": "sha512-Ccy0NlLkzr0Ex2FKvh2X+OyERHXJ88XJ1MXtsI9y9fGexlaXaVTPzBCRBwIxFkORuOb+uBqeu+RqnpgYTEZRUQ=="
        },
        "@types/lodash": {
            "version": "4.14.191",
            "resolved": "https://registry.npmjs.org/@types/lodash/-/lodash-4.14.191.tgz",
            "integrity": "sha512-BdZ5BCCvho3EIXw6wUCXHe7rS53AIDPLE+JzwgT+OsJk53oBfbSmZZ7CX4VaRoN78N+TJpFi9QPlfIVNmJYWxQ=="
        },
        "@types/lodash-es": {
            "version": "4.17.6",
            "resolved": "https://registry.npmjs.org/@types/lodash-es/-/lodash-es-4.17.6.tgz",
            "integrity": "sha512-R+zTeVUKDdfoRxpAryaQNRKk3105Rrgx2CFRClIgRGaqDTdjsm8h6IYA8ir584W3ePzkZfst5xIgDwYrlh9HLg==",
            "requires": {
                "@types/lodash": "*"
            }
        },
        "@types/web-bluetooth": {
            "version": "0.0.16",
            "resolved": "https://registry.npmjs.org/@types/web-bluetooth/-/web-bluetooth-0.0.16.tgz",
            "integrity": "sha512-oh8q2Zc32S6gd/j50GowEjKLoOVOwHP/bWVjKJInBwQqdOYMdPrf1oVlelTlyfFK3CKxL1uahMDAr+vy8T7yMQ=="
        },
        "@vueuse/core": {
            "version": "9.12.0",
            "resolved": "https://registry.npmjs.org/@vueuse/core/-/core-9.12.0.tgz",
            "integrity": "sha512-h/Di8Bvf6xRcvS/PvUVheiMYYz3U0tH3X25YxONSaAUBa841ayMwxkuzx/DGUMCW/wHWzD8tRy2zYmOC36r4sg==",
            "requires": {
                "@types/web-bluetooth": "^0.0.16",
                "@vueuse/metadata": "9.12.0",
                "@vueuse/shared": "9.12.0",
                "vue-demi": "*"
            }
        },
        "@vueuse/metadata": {
            "version": "9.12.0",
            "resolved": "https://registry.npmjs.org/@vueuse/metadata/-/metadata-9.12.0.tgz",
            "integrity": "sha512-9oJ9MM9lFLlmvxXUqsR1wLt1uF7EVbP5iYaHJYqk+G2PbMjY6EXvZeTjbdO89HgoF5cI6z49o2zT/jD9SVoNpQ=="
        },
        "@vueuse/shared": {
            "version": "9.12.0",
            "resolved": "https://registry.npmjs.org/@vueuse/shared/-/shared-9.12.0.tgz",
            "integrity": "sha512-TWuJLACQ0BVithVTRbex4Wf1a1VaRuSpVeyEd4vMUWl54PzlE0ciFUshKCXnlLuD0lxIaLK4Ypj3NXYzZh4+SQ==",
            "requires": {
                "vue-demi": "*"
            }
        },
        "async-validator": {
            "version": "4.2.5",
            "resolved": "https://registry.npmjs.org/async-validator/-/async-validator-4.2.5.tgz",
            "integrity": "sha512-7HhHjtERjqlNbZtqNqy2rckN/SpOOlmDliet+lP7k+eKZEjPk3DgyeU9lIXLdeLz0uBbbVp+9Qdow9wJWgwwfg=="
        },
        "dayjs": {
            "version": "1.11.7",
            "resolved": "https://registry.npmjs.org/dayjs/-/dayjs-1.11.7.tgz",
            "integrity": "sha512-+Yw9U6YO5TQohxLcIkrXBeY73WP3ejHWVvx8XCk3gxvQDCTEmS48ZrSZCKciI7Bhl/uCMyxYtE9UqRILmFphkQ=="
        },
        "element-plus": {
            "version": "2.2.28",
            "resolved": "https://registry.npmjs.org/element-plus/-/element-plus-2.2.28.tgz",
            "integrity": "sha512-BsxF7iEaBydmRfw1Tt++EO9jRBjbtJr7ZRIrnEwz4J3Cwa1IzHCNCcx3ZwcYTlJq9CYFxv94JnbNr1EbkTou3A==",
            "requires": {
                "@ctrl/tinycolor": "^3.4.1",
                "@element-plus/icons-vue": "^2.0.6",
                "@floating-ui/dom": "^1.0.1",
                "@popperjs/core": "npm:@sxzz/popperjs-es@^2.11.7",
                "@types/lodash": "^4.14.182",
                "@types/lodash-es": "^4.17.6",
                "@vueuse/core": "^9.1.0",
                "async-validator": "^4.2.5",
                "dayjs": "^1.11.3",
                "escape-html": "^1.0.3",
                "lodash": "^4.17.21",
                "lodash-es": "^4.17.21",
                "lodash-unified": "^1.0.2",
                "memoize-one": "^6.0.0",
                "normalize-wheel-es": "^1.2.0"
            }
        },
        "escape-html": {
            "version": "1.0.3",
            "resolved": "https://registry.npmjs.org/escape-html/-/escape-html-1.0.3.tgz",
            "integrity": "sha512-NiSupZ4OeuGwr68lGIeym/ksIZMJodUGOSCZ/FSnTxcrekbvqrgdUxlJOMpijaKZVjAJrWrGs/6Jy8OMuyj9ow=="
        },
        "lodash": {
            "version": "4.17.21",
            "resolved": "https://registry.npmjs.org/lodash/-/lodash-4.17.21.tgz",
            "integrity": "sha512-v2kDEe57lecTulaDIuNTPy3Ry4gLGJ6Z1O3vE1krgXZNrsQ+LFTGHVxVjcXPs17LhbZVGedAJv8XZ1tvj5FvSg=="
        },
        "lodash-es": {
            "version": "4.17.21",
            "resolved": "https://registry.npmjs.org/lodash-es/-/lodash-es-4.17.21.tgz",
            "integrity": "sha512-mKnC+QJ9pWVzv+C4/U3rRsHapFfHvQFoFB92e52xeyGMcX6/OlIl78je1u8vePzYZSkkogMPJ2yjxxsb89cxyw=="
        },
        "lodash-unified": {
            "version": "1.0.3",
            "resolved": "https://registry.npmjs.org/lodash-unified/-/lodash-unified-1.0.3.tgz",
            "integrity": "sha512-WK9qSozxXOD7ZJQlpSqOT+om2ZfcT4yO+03FuzAHD0wF6S0l0090LRPDx3vhTTLZ8cFKpBn+IOcVXK6qOcIlfQ=="
        },
        "memoize-one": {
            "version": "6.0.0",
            "resolved": "https://registry.npmjs.org/memoize-one/-/memoize-one-6.0.0.tgz",
            "integrity": "sha512-rkpe71W0N0c0Xz6QD0eJETuWAJGnJ9afsl1srmwPrI+yBCkge5EycXXbYRyvL29zZVUWQCY7InPRCv3GDXuZNw=="
        },
        "normalize-wheel-es": {
            "version": "1.2.0",
            "resolved": "https://registry.npmjs.org/normalize-wheel-es/-/normalize-wheel-es-1.2.0.tgz",
            "integrity": "sha512-Wj7+EJQ8mSuXr2iWfnujrimU35R2W4FAErEyTmJoJ7ucwTn2hOUSsRehMb5RSYkxXGTM7Y9QpvPmp++w5ftoJw=="
        },
        "vue-demi": {
            "version": "0.13.11",
            "resolved": "https://registry.npmjs.org/vue-demi/-/vue-demi-0.13.11.tgz",
            "integrity": "sha512-IR8HoEEGM65YY3ZJYAjMlKygDQn25D5ajNFNoKh9RSDMQtlzCxtfQjdQgv9jjK+m3377SsJXY8ysq8kLCZL25A=="
        }
    }
}
